// !$*UTF8*$!
{
	archiveVersion = 1;
	classes = {
	};
	objectVersion = 48;
	objects = {

/* Begin PBXBuildFile section */
		DE7AD5D0201EE3580092B491 /* AppDelegate.swift in Sources */ = {isa = PBXBuildFile; fileRef = DE7AD5CF201EE3580092B491 /* AppDelegate.swift */; };
		DE7AD5D7201EE3580092B491 /* Main.storyboard in Resources */ = {isa = PBXBuildFile; fileRef = DE7AD5D5201EE3580092B491 /* Main.storyboard */; };
		DE7AD5D9201EE3580092B491 /* Assets.xcassets in Resources */ = {isa = PBXBuildFile; fileRef = DE7AD5D8201EE3580092B491 /* Assets.xcassets */; };
		DE7AD5DC201EE3580092B491 /* LaunchScreen.storyboard in Resources */ = {isa = PBXBuildFile; fileRef = DE7AD5DA201EE3580092B491 /* LaunchScreen.storyboard */; };
		DE7AD5E4201EE69A0092B491 /* PlayerViewController.swift in Sources */ = {isa = PBXBuildFile; fileRef = DE7AD5E3201EE69A0092B491 /* PlayerViewController.swift */; };
		DE7AD5E6201EE7E60092B491 /* SelectViewController.swift in Sources */ = {isa = PBXBuildFile; fileRef = DE7AD5E5201EE7E60092B491 /* SelectViewController.swift */; };
/* End PBXBuildFile section */

/* Begin PBXFileReference section */
		DE7AD5CC201EE3580092B491 /* MusicRamenTimer.app */ = {isa = PBXFileReference; explicitFileType = wrapper.application; includeInIndex = 0; path = MusicRamenTimer.app; sourceTree = BUILT_PRODUCTS_DIR; };
		DE7AD5CF201EE3580092B491 /* AppDelegate.swift */ = {isa = PBXFileReference; lastKnownFileType = sourcecode.swift; path = AppDelegate.swift; sourceTree = "<group>"; };
		DE7AD5D6201EE3580092B491 /* Base */ = {isa = PBXFileReference; lastKnownFileType = file.storyboard; name = Base; path = Base.lproj/Main.storyboard; sourceTree = "<group>"; };
		DE7AD5D8201EE3580092B491 /* Assets.xcassets */ = {isa = PBXFileReference; lastKnownFileType = folder.assetcatalog; path = Assets.xcassets; sourceTree = "<group>"; };
		DE7AD5DB201EE3580092B491 /* Base */ = {isa = PBXFileReference; lastKnownFileType = file.storyboard; name = Base; path = Base.lproj/LaunchScreen.storyboard; sourceTree = "<group>"; };
		DE7AD5DD201EE3580092B491 /* Info.plist */ = {isa = PBXFileReference; lastKnownFileType = text.plist.xml; path = Info.plist; sourceTree = "<group>"; };
		DE7AD5E3201EE69A0092B491 /* PlayerViewController.swift */ = {isa = PBXFileReference; lastKnownFileType = sourcecode.swift; path = PlayerViewController.swift; sourceTree = "<group>"; };
		DE7AD5E5201EE7E60092B491 /* SelectViewController.swift */ = {isa = PBXFileReference; lastKnownFileType = sourcecode.swift; path = SelectViewController.swift; sourceTree = "<group>"; };
/* End PBXFileReference section */

/* Begin PBXFrameworksBuildPhase section */
		DE7AD5C9201EE3580092B491 /* Frameworks */ = {
			isa = PBXFrameworksBuildPhase;
			buildActionMask = 2147483647;
			files = (
			);
			runOnlyForDeploymentPostprocessing = 0;
		};
/* End PBXFrameworksBuildPhase section */

/* Begin PBXGroup section */
		DE7AD5C3201EE3580092B491 = {
			isa = PBXGroup;
			children = (
				DE7AD5CE201EE3580092B491 /* MusicRamenTimer */,
				DE7AD5CD201EE3580092B491 /* Products */,
			);
			sourceTree = "<group>";
		};
		DE7AD5CD201EE3580092B491 /* Products */ = {
			isa = PBXGroup;
			children = (
				DE7AD5CC201EE3580092B491 /* MusicRamenTimer.app */,
			);
			name = Products;
			sourceTree = "<group>";
		};
		DE7AD5CE201EE3580092B491 /* MusicRamenTimer */ = {
			isa = PBXGroup;
			children = (
				DE7AD5CF201EE3580092B491 /* AppDelegate.swift */,
				DE7AD5E3201EE69A0092B491 /* PlayerViewController.swift */,
				DE7AD5E5201EE7E60092B491 /* SelectViewController.swift */,
				DE7AD5D5201EE3580092B491 /* Main.storyboard */,
				DE7AD5D8201EE3580092B491 /* Assets.xcassets */,
				DE7AD5DA201EE3580092B491 /* LaunchScreen.storyboard */,
				DE7AD5DD201EE3580092B491 /* Info.plist */,
			);
			path = MusicRamenTimer;
			sourceTree = "<group>";
		};
/* End PBXGroup section */

/* Begin PBXNativeTarget section */
		DE7AD5CB201EE3580092B491 /* MusicRamenTimer */ = {
			isa = PBXNativeTarget;
			buildConfigurationList = DE7AD5E0201EE3580092B491 /* Build configuration list for PBXNativeTarget "MusicRamenTimer" */;
			buildPhases = (
				DE7AD5C8201EE3580092B491 /* Sources */,
				DE7AD5C9201EE3580092B491 /* Frameworks */,
				DE7AD5CA201EE3580092B491 /* Resources */,
			);
			buildRules = (
			);
			dependencies = (
			);
			name = MusicRamenTimer;
			productName = MusicRamenTimer;
			productReference = DE7AD5CC201EE3580092B491 /* MusicRamenTimer.app */;
			productType = "com.apple.product-type.application";
		};
/* End PBXNativeTarget section */

/* Begin PBXProject section */
		DE7AD5C4201EE3580092B491 /* Project object */ = {
			isa = PBXProject;
			attributes = {
				LastSwiftUpdateCheck = 0920;
				LastUpgradeCheck = 0920;
				ORGANIZATIONNAME = SyunpeiNagata;
				TargetAttributes = {
					DE7AD5CB201EE3580092B491 = {
						CreatedOnToolsVersion = 9.2;
						ProvisioningStyle = Automatic;
					};
				};
			};
			buildConfigurationList = DE7AD5C7201EE3580092B491 /* Build configuration list for PBXProject "MusicRamenTimer" */;
			compatibilityVersion = "Xcode 8.0";
			developmentRegion = en;
			hasScannedForEncodings = 0;
			knownRegions = (
				en,
				Base,
			);
			mainGroup = DE7AD5C3201EE3580092B491;
			productRefGroup = DE7AD5CD201EE3580092B491 /* Products */;
			projectDirPath = "";
			projectRoot = "";
			targets = (
				DE7AD5CB201EE3580092B491 /* MusicRamenTimer */,
			);
		};
/* End PBXProject section */

/* Begin PBXResourcesBuildPhase section */
		DE7AD5CA201EE3580092B491 /* Resources */ = {
			isa = PBXResourcesBuildPhase;
			buildActionMask = 2147483647;
			files = (
				DE7AD5DC201EE3580092B491 /* LaunchScreen.storyboard in Resources */,
				DE7AD5D9201EE3580092B491 /* Assets.xcassets in Resources */,
				DE7AD5D7201EE3580092B491 /* Main.storyboard in Resources */,
			);
			runOnlyForDeploymentPostprocessing = 0;
		};
/* End PBXResourcesBuildPhase section */

/* Begin PBXSourcesBuildPhase section */
		DE7AD5C8201EE3580092B491 /* Sources */ = {
			isa = PBXSourcesBuildPhase;
			buildActionMask = 2147483647;
			files = (
				DE7AD5D0201EE3580092B491 /* AppDelegate.swift in Sources */,
				DE7AD5E6201EE7E60092B491 /* SelectViewController.swift in Sources */,
				DE7AD5E4201EE69A0092B491 /* PlayerViewController.swift in Sources */,
			);
			runOnlyForDeploymentPostprocessing = 0;
		};
/* End PBXSourcesBuildPhase section */

/* Begin PBXVariantGroup section */
		DE7AD5D5201EE3580092B491 /* Main.storyboard */ = {
			isa = PBXVariantGroup;
			children = (
				DE7AD5D6201EE3580092B491 /* Base */,
			);
			name = Main.storyboard;
			sourceTree = "<group>";
		};
		DE7AD5DA201EE3580092B491 /* LaunchScreen.storyboard */ = {
			isa = PBXVariantGroup;
			children = (
				DE7AD5DB201EE3580092B491 /* Base */,
			);
			name = LaunchScreen.storyboard;
			sourceTree = "<group>";
		};
/* End PBXVariantGroup section */

/* Begin XCBuildConfiguration section */
		DE7AD5DE201EE3580092B491 /* Debug */ = {
			isa = XCBuildConfiguration;
			buildSettings = {
				ALWAYS_SEARCH_USER_PATHS = NO;
				CLANG_ANALYZER_NONNULL = YES;
				CLANG_ANALYZER_NUMBER_OBJECT_CONVERSION = YES_AGGRESSIVE;
				CLANG_CXX_LANGUAGE_STANDARD = "gnu++14";
				CLANG_CXX_LIBRARY = "libc++";
				CLANG_ENABLE_MODULES = YES;
				CLANG_ENABLE_OBJC_ARC = YES;
				CLANG_WARN_BLOCK_CAPTURE_AUTORELEASING = YES;
				CLANG_WARN_BOOL_CONVERSION = YES;
				CLANG_WARN_COMMA = YES;
				CLANG_WARN_CONSTANT_CONVERSION = YES;
				CLANG_WARN_DIRECT_OBJC_ISA_USAGE = YES_ERROR;
				CLANG_WARN_DOCUMENTATION_COMMENTS = YES;
				CLANG_WARN_EMPTY_BODY = YES;
				CLANG_WARN_ENUM_CONVERSION = YES;
				CLANG_WARN_INFINITE_RECURSION = YES;
				CLANG_WARN_INT_CONVERSION = YES;
				CLANG_WARN_NON_LITERAL_NULL_CONVERSION = YES;
				CLANG_WARN_OBJC_LITERAL_CONVERSION = YES;
				CLANG_WARN_OBJC_ROOT_CLASS = YES_ERROR;
				CLANG_WARN_RANGE_LOOP_ANALYSIS = YES;
				CLANG_WARN_STRICT_PROTOTYPES = YES;
				CLANG_WARN_SUSPICIOUS_MOVE = YES;
				CLANG_WARN_UNGUARDED_AVAILABILITY = YES_AGGRESSIVE;
				CLANG_WARN_UNREACHABLE_CODE = YES;
				CLANG_WARN__DUPLICATE_METHOD_MATCH = YES;
				CODE_SIGN_IDENTITY = "iPhone Developer";
				COPY_PHASE_STRIP = NO;
				DEBUG_INFORMATION_FORMAT = dwarf;
				ENABLE_STRICT_OBJC_MSGSEND = YES;
				ENABLE_TESTABILITY = YES;
				GCC_C_LANGUAGE_STANDARD = gnu11;
				GCC_DYNAMIC_NO_PIC = NO;
				GCC_NO_COMMON_BLOCKS = YES;
				GCC_OPTIMIZATION_LEVEL = 0;
				GCC_PREPROCESSOR_DEFINITIONS = (
					"DEBUG=1",
					"$(inherited)",
				);
				GCC_WARN_64_TO_32_BIT_CONVERSION = YES;
				GCC_WARN_ABOUT_RETURN_TYPE = YES_ERROR;
				GCC_WARN_UNDECLARED_SELECTOR = YES;
				GCC_WARN_UNINITIALIZED_AUTOS = YES_AGGRESSIVE;
				GCC_WARN_UNUSED_FUNCTION = YES;
				GCC_WARN_UNUSED_VARIABLE = YES;
				IPHONEOS_DEPLOYMENT_TARGET = 11.2;
				MTL_ENABLE_DEBUG_INFO = YES;
				ONLY_ACTIVE_ARCH = YES;
				SDKROOT = iphoneos;
				SWIFT_ACTIVE_COMPILATION_CONDITIONS = DEBUG;
				SWIFT_OPTIMIZATION_LEVEL = "-Onone";
			};
			name = Debug;
		};
		DE7AD5DF201EE3580092B491 /* Release */ = {
			isa = XCBuildConfiguration;
			buildSettings = {
				ALWAYS_SEARCH_USER_PATHS = NO;
				CLANG_ANALYZER_NONNULL = YES;
				CLANG_ANALYZER_NUMBER_OBJECT_CONVERSION = YES_AGGRESSIVE;
				CLANG_CXX_LANGUAGE_STANDARD = "gnu++14";
				CLANG_CXX_LIBRARY = "libc++";
				CLANG_ENABLE_MODULES = YES;
				CLANG_ENABLE_OBJC_ARC = YES;
				CLANG_WARN_BLOCK_CAPTURE_AUTORELEASING = YES;
				CLANG_WARN_BOOL_CONVERSION = YES;
				CLANG_WARN_COMMA = YES;
				CLANG_WARN_CONSTANT_CONVERSION = YES;
				CLANG_WARN_DIRECT_OBJC_ISA_USAGE = YES_ERROR;
				CLANG_WARN_DOCUMENTATION_COMMENTS = YES;
				CLANG_WARN_EMPTY_BODY = YES;
				CLANG_WARN_ENUM_CONVERSION = YES;
				CLANG_WARN_INFINITE_RECURSION = YES;
				CLANG_WARN_INT_CONVERSION = YES;
				CLANG_WARN_NON_LITERAL_NULL_CONVERSION = YES;
				CLANG_WARN_OBJC_LITERAL_CONVERSION = YES;
				CLANG_WARN_OBJC_ROOT_CLASS = YES_ERROR;
				CLANG_WARN_RANGE_LOOP_ANALYSIS = YES;
				CLANG_WARN_STRICT_PROTOTYPES = YES;
				CLANG_WARN_SUSPICIOUS_MOVE = YES;
				CLANG_WARN_UNGUARDED_AVAILABILITY = YES_AGGRESSIVE;
				CLANG_WARN_UNREACHABLE_CODE = YES;
				CLANG_WARN__DUPLICATE_METHOD_MATCH = YES;
				CODE_SIGN_IDENTITY = "iPhone Developer";
				COPY_PHASE_STRIP = NO;
				DEBUG_INFORMATION_FORMAT = "dwarf-with-dsym";
				ENABLE_NS_ASSERTIONS = NO;
				ENABLE_STRICT_OBJC_MSGSEND = YES;
				GCC_C_LANGUAGE_STANDARD = gnu11;
				GCC_NO_COMMON_BLOCKS = YES;
				GCC_WARN_64_TO_32_BIT_CONVERSION = YES;
				GCC_WARN_ABOUT_RETURN_TYPE = YES_ERROR;
				GCC_WARN_UNDECLARED_SELECTOR = YES;
				GCC_WARN_UNINITIALIZED_AUTOS = YES_AGGRESSIVE;
				GCC_WARN_UNUSED_FUNCTION = YES;
				GCC_WARN_UNUSED_VARIABLE = YES;
				IPHONEOS_DEPLOYMENT_TARGET = 11.2;
				MTL_ENABLE_DEBUG_INFO = NO;
				SDKROOT = iphoneos;
				SWIFT_OPTIMIZATION_LEVEL = "-Owholemodule";
				VALIDATE_PRODUCT = YES;
			};
			name = Release;
		};
		DE7AD5E1201EE3580092B491 /* Debug */ = {
			isa = XCBuildConfiguration;
			buildSettings = {
				ASSETCATALOG_COMPILER_APPICON_NAME = AppIcon;
				CODE_SIGN_STYLE = Automatic;
				DEVELOPMENT_TEAM = KE34B4UU7B;
				INFOPLIST_FILE = MusicRamenTimer/Info.plist;
				LD_RUNPATH_SEARCH_PATHS = "$(inherited) @executable_path/Frameworks";
				PRODUCT_BUNDLE_IDENTIFIER = com.SyunpeiNagata.MusicRamenTimer;
				PRODUCT_NAME = "$(TARGET_NAME)";
				SWIFT_VERSION = 4.0;
				TARGETED_DEVICE_FAMILY = "1,2";
			};
			name = Debug;
		};
		DE7AD5E2201EE3580092B491 /* Release */ = {
			isa = XCBuildConfiguration;
			buildSettings = {
				ASSETCATALOG_COMPILER_APPICON_NAME = AppIcon;
				CODE_SIGN_STYLE = Automatic;
				DEVELOPMENT_TEAM = KE34B4UU7B;
				INFOPLIST_FILE = MusicRamenTimer/Info.plist;
				LD_RUNPATH_SEARCH_PATHS = "$(inherited) @executable_path/Frameworks";
				PRODUCT_BUNDLE_IDENTIFIER = com.SyunpeiNagata.MusicRamenTimer;
				PRODUCT_NAME = "$(TARGET_NAME)";
				SWIFT_VERSION = 4.0;
				TARGETED_DEVICE_FAMILY = "1,2";
			};
			name = Release;
		};
/* End XCBuildConfiguration section */

/* Begin XCConfigurationList section */
		DE7AD5C7201EE3580092B491 /* Build configuration list for PBXProject "MusicRamenTimer" */ = {
			isa = XCConfigurationList;
			buildConfigurations = (
				DE7AD5DE201EE3580092B491 /* Debug */,
				DE7AD5DF201EE3580092B491 /* Release */,
			);
			defaultConfigurationIsVisible = 0;
			defaultConfigurationName = Release;
		};
		DE7AD5E0201EE3580092B491 /* Build configuration list for PBXNativeTarget "MusicRamenTimer" */ = {
			isa = XCConfigurationList;
			buildConfigurations = (
				DE7AD5E1201EE3580092B491 /* Debug */,
				DE7AD5E2201EE3580092B491 /* Release */,
			);
			defaultConfigurationIsVisible = 0;
			defaultConfigurationName = Release;
		};
/* End XCConfigurationList section */
	};
	rootObject = DE7AD5C4201EE3580092B491 /* Project object */;
}
